
Microsoft Visual Studio Solution File, Format Version 12.00
# Visual Studio Version 16
VisualStudioVersion = 16.0.30907.101
MinimumVisualStudioVersion = 10.0.40219.1
Project("{FAE04EC0-301F-11D3-BF4B-00C04F79EFBC}") = "Maze", "Maze\Maze.csproj", "{CDBA6810-770F-4B30-A212-6368E326D55D}"
EndProject
Global
	GlobalSection(SolutionConfigurationPlatforms) = preSolution
		Debug|Any CPU = Debug|Any CPU
		Release|Any CPU = Release|Any CPU
	EndGlobalSection
	GlobalSection(ProjectConfigurationPlatforms) = postSolution
		{CDBA6810-770F-4B30-A212-6368E326D55D}.Debug|Any CPU.ActiveCfg = Debug|Any CPU
		{CDBA6810-770F-4B30-A212-6368E326D55D}.Debug|Any CPU.Build.0 = Debug|Any CPU
		{CDBA6810-770F-4B30-A212-6368E326D55D}.Release|Any CPU.ActiveCfg = Release|Any CPU
		{CDBA6810-770F-4B30-A212-6368E326D55D}.Release|Any CPU.Build.0 = Release|Any CPU
	EndGlobalSection
	GlobalSection(SolutionProperties) = preSolution
		HideSolutionNode = FALSE
	EndGlobalSection
	GlobalSection(ExtensibilityGlobals) = postSolution
		SolutionGuid = {25DF7916-B279-4F88-A54A-F5B43AC9E005}
	EndGlobalSection
EndGlobal
